{
    "_readme": [
        "This file locks the dependencies of your project to a known state",
        "Read more about it at https://getcomposer.org/doc/01-basic-usage.md#composer-lock-the-lock-file",
        "This file is @generated automatically"
    ],
    "content-hash": "4d79acc1fb358797cec6e94206a49539",
    "packages": [
        {
            "name": "tsauction/tsa-mvc",
            "version": "dev-master",
            "source": {
                "type": "git",
                "url": "git@gitlabcom:tsauction/tsa-mvc",
                "reference": "77566cc0fb0ad8a9b2ff3ce3e61aedea2506e3e6"
            },
            "require": {
                "php": "7.2.*"
            },
            "type": "library",
            "autoload": {
                "psr-4": {
                    "tsa\\mvc\\": "app/",
                    "tsa\\lib\\": "lib/"
                }
            },
            "description": "TSA MVC Template",
            "time": "2019-04-17T21:28:14+00:00"
        }
    ],
    "packages-dev": [],
    "aliases": [],
    "minimum-stability": "stable",
    "stability-flags": {
        "tsauction/tsa-mvc": 20
    },
    "prefer-stable": false,
    "prefer-lowest": false,
    "platform": {
        "php": "7.2.*"
    },
    "platform-dev": []
}
